// !$*UTF8*$!
{
	archiveVersion = 1;
	classes = {
	};
	objectVersion = 50;
	objects = {

/* Begin PBXBuildFile section */
		D82D7983226CF4E50058B235 /* AppDelegate.swift in Sources */ = {isa = PBXBuildFile; fileRef = D82D7982226CF4E50058B235 /* AppDelegate.swift */; };
		D82D7988226CF4E50058B235 /* Main.storyboard in Resources */ = {isa = PBXBuildFile; fileRef = D82D7986226CF4E50058B235 /* Main.storyboard */; };
		D82D798A226CF4E80058B235 /* Assets.xcassets in Resources */ = {isa = PBXBuildFile; fileRef = D82D7989226CF4E80058B235 /* Assets.xcassets */; };
		D82D798D226CF4E80058B235 /* LaunchScreen.storyboard in Resources */ = {isa = PBXBuildFile; fileRef = D82D798B226CF4E80058B235 /* LaunchScreen.storyboard */; };
		D82D7998226CF4E80058B235 /* SampleHLSAppTests.swift in Sources */ = {isa = PBXBuildFile; fileRef = D82D7997226CF4E80058B235 /* SampleHLSAppTests.swift */; };
		D82D79A4226CF6600058B235 /* MainTableViewController.swift in Sources */ = {isa = PBXBuildFile; fileRef = D82D79A3226CF6600058B235 /* MainTableViewController.swift */; };
		D82D79A6226CF68A0058B235 /* SkinnyStream.swift in Sources */ = {isa = PBXBuildFile; fileRef = D82D79A5226CF68A0058B235 /* SkinnyStream.swift */; };
		D82D79A8226CF6EE0058B235 /* StreamViewModel.swift in Sources */ = {isa = PBXBuildFile; fileRef = D82D79A7226CF6EE0058B235 /* StreamViewModel.swift */; };
		D82D79AA226CF7830058B235 /* StreamTableViewCell.swift in Sources */ = {isa = PBXBuildFile; fileRef = D82D79A9226CF7830058B235 /* StreamTableViewCell.swift */; };
		D82D79AC226CFA380058B235 /* StreamModelController.swift in Sources */ = {isa = PBXBuildFile; fileRef = D82D79AB226CFA380058B235 /* StreamModelController.swift */; };
		D82D79B5226D0A510058B235 /* PlayerViewController.swift in Sources */ = {isa = PBXBuildFile; fileRef = D82D79B4226D0A510058B235 /* PlayerViewController.swift */; };
		D82D79B7226D0F6F0058B235 /* PlayerView.swift in Sources */ = {isa = PBXBuildFile; fileRef = D82D79B6226D0F6F0058B235 /* PlayerView.swift */; };
		D82D79B9226D19470058B235 /* PlayerControlsView.swift in Sources */ = {isa = PBXBuildFile; fileRef = D82D79B8226D19470058B235 /* PlayerControlsView.swift */; };
/* End PBXBuildFile section */

/* Begin PBXContainerItemProxy section */
		D82D7994226CF4E80058B235 /* PBXContainerItemProxy */ = {
			isa = PBXContainerItemProxy;
			containerPortal = D82D7977226CF4E50058B235 /* Project object */;
			proxyType = 1;
			remoteGlobalIDString = D82D797E226CF4E50058B235;
			remoteInfo = SampleHLSApp;
		};
/* End PBXContainerItemProxy section */

/* Begin PBXFileReference section */
		D82D797F226CF4E50058B235 /* SampleHLSApp.app */ = {isa = PBXFileReference; explicitFileType = wrapper.application; includeInIndex = 0; path = SampleHLSApp.app; sourceTree = BUILT_PRODUCTS_DIR; };
		D82D7982226CF4E50058B235 /* AppDelegate.swift */ = {isa = PBXFileReference; lastKnownFileType = sourcecode.swift; path = AppDelegate.swift; sourceTree = "<group>"; };
		D82D7987226CF4E50058B235 /* Base */ = {isa = PBXFileReference; lastKnownFileType = file.storyboard; name = Base; path = Base.lproj/Main.storyboard; sourceTree = "<group>"; };
		D82D7989226CF4E80058B235 /* Assets.xcassets */ = {isa = PBXFileReference; lastKnownFileType = folder.assetcatalog; path = Assets.xcassets; sourceTree = "<group>"; };
		D82D798C226CF4E80058B235 /* Base */ = {isa = PBXFileReference; lastKnownFileType = file.storyboard; name = Base; path = Base.lproj/LaunchScreen.storyboard; sourceTree = "<group>"; };
		D82D798E226CF4E80058B235 /* Info.plist */ = {isa = PBXFileReference; lastKnownFileType = text.plist.xml; path = Info.plist; sourceTree = "<group>"; };
		D82D7993226CF4E80058B235 /* SampleHLSAppTests.xctest */ = {isa = PBXFileReference; explicitFileType = wrapper.cfbundle; includeInIndex = 0; path = SampleHLSAppTests.xctest; sourceTree = BUILT_PRODUCTS_DIR; };
		D82D7997226CF4E80058B235 /* SampleHLSAppTests.swift */ = {isa = PBXFileReference; lastKnownFileType = sourcecode.swift; path = SampleHLSAppTests.swift; sourceTree = "<group>"; };
		D82D7999226CF4E80058B235 /* Info.plist */ = {isa = PBXFileReference; lastKnownFileType = text.plist.xml; path = Info.plist; sourceTree = "<group>"; };
		D82D79A3226CF6600058B235 /* MainTableViewController.swift */ = {isa = PBXFileReference; lastKnownFileType = sourcecode.swift; path = MainTableViewController.swift; sourceTree = "<group>"; };
		D82D79A5226CF68A0058B235 /* SkinnyStream.swift */ = {isa = PBXFileReference; lastKnownFileType = sourcecode.swift; path = SkinnyStream.swift; sourceTree = "<group>"; };
		D82D79A7226CF6EE0058B235 /* StreamViewModel.swift */ = {isa = PBXFileReference; lastKnownFileType = sourcecode.swift; path = StreamViewModel.swift; sourceTree = "<group>"; };
		D82D79A9226CF7830058B235 /* StreamTableViewCell.swift */ = {isa = PBXFileReference; lastKnownFileType = sourcecode.swift; path = StreamTableViewCell.swift; sourceTree = "<group>"; };
		D82D79AB226CFA380058B235 /* StreamModelController.swift */ = {isa = PBXFileReference; lastKnownFileType = sourcecode.swift; path = StreamModelController.swift; sourceTree = "<group>"; };
		D82D79B4226D0A510058B235 /* PlayerViewController.swift */ = {isa = PBXFileReference; lastKnownFileType = sourcecode.swift; path = PlayerViewController.swift; sourceTree = "<group>"; };
		D82D79B6226D0F6F0058B235 /* PlayerView.swift */ = {isa = PBXFileReference; lastKnownFileType = sourcecode.swift; path = PlayerView.swift; sourceTree = "<group>"; };
		D82D79B8226D19470058B235 /* PlayerControlsView.swift */ = {isa = PBXFileReference; lastKnownFileType = sourcecode.swift; path = PlayerControlsView.swift; sourceTree = "<group>"; };
/* End PBXFileReference section */

/* Begin PBXFrameworksBuildPhase section */
		D82D797C226CF4E50058B235 /* Frameworks */ = {
			isa = PBXFrameworksBuildPhase;
			buildActionMask = 2147483647;
			files = (
			);
			runOnlyForDeploymentPostprocessing = 0;
		};
		D82D7990226CF4E80058B235 /* Frameworks */ = {
			isa = PBXFrameworksBuildPhase;
			buildActionMask = 2147483647;
			files = (
			);
			runOnlyForDeploymentPostprocessing = 0;
		};
/* End PBXFrameworksBuildPhase section */

/* Begin PBXGroup section */
		D82D7976226CF4E50058B235 = {
			isa = PBXGroup;
			children = (
				D82D7981226CF4E50058B235 /* SampleHLSApp */,
				D82D7996226CF4E80058B235 /* SampleHLSAppTests */,
				D82D7980226CF4E50058B235 /* Products */,
			);
			sourceTree = "<group>";
		};
		D82D7980226CF4E50058B235 /* Products */ = {
			isa = PBXGroup;
			children = (
				D82D797F226CF4E50058B235 /* SampleHLSApp.app */,
				D82D7993226CF4E80058B235 /* SampleHLSAppTests.xctest */,
			);
			name = Products;
			sourceTree = "<group>";
		};
		D82D7981226CF4E50058B235 /* SampleHLSApp */ = {
			isa = PBXGroup;
			children = (
				D82D7982226CF4E50058B235 /* AppDelegate.swift */,
				D82D79AD226D09750058B235 /* ViewControllers */,
				D82D79AE226D097F0058B235 /* Models */,
				D82D79B0226D09920058B235 /* ModelControllers */,
				D82D79B1226D099E0058B235 /* Views */,
				D82D79AF226D09860058B235 /* ViewModels */,
				D82D79A2226CF5000058B235 /* Resources */,
			);
			path = SampleHLSApp;
			sourceTree = "<group>";
		};
		D82D7996226CF4E80058B235 /* SampleHLSAppTests */ = {
			isa = PBXGroup;
			children = (
				D82D7997226CF4E80058B235 /* SampleHLSAppTests.swift */,
				D82D7999226CF4E80058B235 /* Info.plist */,
			);
			path = SampleHLSAppTests;
			sourceTree = "<group>";
		};
		D82D79A2226CF5000058B235 /* Resources */ = {
			isa = PBXGroup;
			children = (
				D82D7986226CF4E50058B235 /* Main.storyboard */,
				D82D7989226CF4E80058B235 /* Assets.xcassets */,
				D82D798B226CF4E80058B235 /* LaunchScreen.storyboard */,
				D82D798E226CF4E80058B235 /* Info.plist */,
			);
			path = Resources;
			sourceTree = "<group>";
		};
		D82D79AD226D09750058B235 /* ViewControllers */ = {
			isa = PBXGroup;
			children = (
				D82D79A3226CF6600058B235 /* MainTableViewController.swift */,
				D82D79B4226D0A510058B235 /* PlayerViewController.swift */,
			);
			path = ViewControllers;
			sourceTree = "<group>";
		};
		D82D79AE226D097F0058B235 /* Models */ = {
			isa = PBXGroup;
			children = (
				D82D79A5226CF68A0058B235 /* SkinnyStream.swift */,
			);
			path = Models;
			sourceTree = "<group>";
		};
		D82D79AF226D09860058B235 /* ViewModels */ = {
			isa = PBXGroup;
			children = (
				D82D79A7226CF6EE0058B235 /* StreamViewModel.swift */,
			);
			path = ViewModels;
			sourceTree = "<group>";
		};
		D82D79B0226D09920058B235 /* ModelControllers */ = {
			isa = PBXGroup;
			children = (
				D82D79AB226CFA380058B235 /* StreamModelController.swift */,
			);
			path = ModelControllers;
			sourceTree = "<group>";
		};
		D82D79B1226D099E0058B235 /* Views */ = {
			isa = PBXGroup;
			children = (
				D82D79A9226CF7830058B235 /* StreamTableViewCell.swift */,
				D82D79B6226D0F6F0058B235 /* PlayerView.swift */,
				D82D79B8226D19470058B235 /* PlayerControlsView.swift */,
			);
			path = Views;
			sourceTree = "<group>";
		};
/* End PBXGroup section */

/* Begin PBXNativeTarget section */
		D82D797E226CF4E50058B235 /* SampleHLSApp */ = {
			isa = PBXNativeTarget;
			buildConfigurationList = D82D799C226CF4E80058B235 /* Build configuration list for PBXNativeTarget "SampleHLSApp" */;
			buildPhases = (
				D82D797B226CF4E50058B235 /* Sources */,
				D82D797C226CF4E50058B235 /* Frameworks */,
				D82D797D226CF4E50058B235 /* Resources */,
			);
			buildRules = (
			);
			dependencies = (
			);
			name = SampleHLSApp;
			productName = SampleHLSApp;
			productReference = D82D797F226CF4E50058B235 /* SampleHLSApp.app */;
			productType = "com.apple.product-type.application";
		};
		D82D7992226CF4E80058B235 /* SampleHLSAppTests */ = {
			isa = PBXNativeTarget;
			buildConfigurationList = D82D799F226CF4E80058B235 /* Build configuration list for PBXNativeTarget "SampleHLSAppTests" */;
			buildPhases = (
				D82D798F226CF4E80058B235 /* Sources */,
				D82D7990226CF4E80058B235 /* Frameworks */,
				D82D7991226CF4E80058B235 /* Resources */,
			);
			buildRules = (
			);
			dependencies = (
				D82D7995226CF4E80058B235 /* PBXTargetDependency */,
			);
			name = SampleHLSAppTests;
			productName = SampleHLSAppTests;
			productReference = D82D7993226CF4E80058B235 /* SampleHLSAppTests.xctest */;
			productType = "com.apple.product-type.bundle.unit-test";
		};
/* End PBXNativeTarget section */

/* Begin PBXProject section */
		D82D7977226CF4E50058B235 /* Project object */ = {
			isa = PBXProject;
			attributes = {
				LastSwiftUpdateCheck = 1020;
				LastUpgradeCheck = 1020;
				ORGANIZATIONNAME = iOSDevelopr;
				TargetAttributes = {
					D82D797E226CF4E50058B235 = {
						CreatedOnToolsVersion = 10.2.1;
					};
					D82D7992226CF4E80058B235 = {
						CreatedOnToolsVersion = 10.2.1;
						TestTargetID = D82D797E226CF4E50058B235;
					};
				};
			};
			buildConfigurationList = D82D797A226CF4E50058B235 /* Build configuration list for PBXProject "SampleHLSApp" */;
			compatibilityVersion = "Xcode 9.3";
			developmentRegion = en;
			hasScannedForEncodings = 0;
			knownRegions = (
				en,
				Base,
			);
			mainGroup = D82D7976226CF4E50058B235;
			productRefGroup = D82D7980226CF4E50058B235 /* Products */;
			projectDirPath = "";
			projectRoot = "";
			targets = (
				D82D797E226CF4E50058B235 /* SampleHLSApp */,
				D82D7992226CF4E80058B235 /* SampleHLSAppTests */,
			);
		};
/* End PBXProject section */

/* Begin PBXResourcesBuildPhase section */
		D82D797D226CF4E50058B235 /* Resources */ = {
			isa = PBXResourcesBuildPhase;
			buildActionMask = 2147483647;
			files = (
				D82D798D226CF4E80058B235 /* LaunchScreen.storyboard in Resources */,
				D82D798A226CF4E80058B235 /* Assets.xcassets in Resources */,
				D82D7988226CF4E50058B235 /* Main.storyboard in Resources */,
			);
			runOnlyForDeploymentPostprocessing = 0;
		};
		D82D7991226CF4E80058B235 /* Resources */ = {
			isa = PBXResourcesBuildPhase;
			buildActionMask = 2147483647;
			files = (
			);
			runOnlyForDeploymentPostprocessing = 0;
		};
/* End PBXResourcesBuildPhase section */

/* Begin PBXSourcesBuildPhase section */
		D82D797B226CF4E50058B235 /* Sources */ = {
			isa = PBXSourcesBuildPhase;
			buildActionMask = 2147483647;
			files = (
				D82D79A4226CF6600058B235 /* MainTableViewController.swift in Sources */,
				D82D79A6226CF68A0058B235 /* SkinnyStream.swift in Sources */,
				D82D79A8226CF6EE0058B235 /* StreamViewModel.swift in Sources */,
				D82D79B7226D0F6F0058B235 /* PlayerView.swift in Sources */,
				D82D79B5226D0A510058B235 /* PlayerViewController.swift in Sources */,
				D82D79B9226D19470058B235 /* PlayerControlsView.swift in Sources */,
				D82D79AC226CFA380058B235 /* StreamModelController.swift in Sources */,
				D82D79AA226CF7830058B235 /* StreamTableViewCell.swift in Sources */,
				D82D7983226CF4E50058B235 /* AppDelegate.swift in Sources */,
			);
			runOnlyForDeploymentPostprocessing = 0;
		};
		D82D798F226CF4E80058B235 /* Sources */ = {
			isa = PBXSourcesBuildPhase;
			buildActionMask = 2147483647;
			files = (
				D82D7998226CF4E80058B235 /* SampleHLSAppTests.swift in Sources */,
			);
			runOnlyForDeploymentPostprocessing = 0;
		};
/* End PBXSourcesBuildPhase section */

/* Begin PBXTargetDependency section */
		D82D7995226CF4E80058B235 /* PBXTargetDependency */ = {
			isa = PBXTargetDependency;
			target = D82D797E226CF4E50058B235 /* SampleHLSApp */;
			targetProxy = D82D7994226CF4E80058B235 /* PBXContainerItemProxy */;
		};
/* End PBXTargetDependency section */

/* Begin PBXVariantGroup section */
		D82D7986226CF4E50058B235 /* Main.storyboard */ = {
			isa = PBXVariantGroup;
			children = (
				D82D7987226CF4E50058B235 /* Base */,
			);
			name = Main.storyboard;
			sourceTree = "<group>";
		};
		D82D798B226CF4E80058B235 /* LaunchScreen.storyboard */ = {
			isa = PBXVariantGroup;
			children = (
				D82D798C226CF4E80058B235 /* Base */,
			);
			name = LaunchScreen.storyboard;
			sourceTree = "<group>";
		};
/* End PBXVariantGroup section */

/* Begin XCBuildConfiguration section */
		D82D799A226CF4E80058B235 /* Debug */ = {
			isa = XCBuildConfiguration;
			buildSettings = {
				ALWAYS_SEARCH_USER_PATHS = NO;
				CLANG_ANALYZER_NONNULL = YES;
				CLANG_ANALYZER_NUMBER_OBJECT_CONVERSION = YES_AGGRESSIVE;
				CLANG_CXX_LANGUAGE_STANDARD = "gnu++14";
				CLANG_CXX_LIBRARY = "libc++";
				CLANG_ENABLE_MODULES = YES;
				CLANG_ENABLE_OBJC_ARC = YES;
				CLANG_ENABLE_OBJC_WEAK = YES;
				CLANG_WARN_BLOCK_CAPTURE_AUTORELEASING = YES;
				CLANG_WARN_BOOL_CONVERSION = YES;
				CLANG_WARN_COMMA = YES;
				CLANG_WARN_CONSTANT_CONVERSION = YES;
				CLANG_WARN_DEPRECATED_OBJC_IMPLEMENTATIONS = YES;
				CLANG_WARN_DIRECT_OBJC_ISA_USAGE = YES_ERROR;
				CLANG_WARN_DOCUMENTATION_COMMENTS = YES;
				CLANG_WARN_EMPTY_BODY = YES;
				CLANG_WARN_ENUM_CONVERSION = YES;
				CLANG_WARN_INFINITE_RECURSION = YES;
				CLANG_WARN_INT_CONVERSION = YES;
				CLANG_WARN_NON_LITERAL_NULL_CONVERSION = YES;
				CLANG_WARN_OBJC_IMPLICIT_RETAIN_SELF = YES;
				CLANG_WARN_OBJC_LITERAL_CONVERSION = YES;
				CLANG_WARN_OBJC_ROOT_CLASS = YES_ERROR;
				CLANG_WARN_RANGE_LOOP_ANALYSIS = YES;
				CLANG_WARN_STRICT_PROTOTYPES = YES;
				CLANG_WARN_SUSPICIOUS_MOVE = YES;
				CLANG_WARN_UNGUARDED_AVAILABILITY = YES_AGGRESSIVE;
				CLANG_WARN_UNREACHABLE_CODE = YES;
				CLANG_WARN__DUPLICATE_METHOD_MATCH = YES;
				CODE_SIGN_IDENTITY = "iPhone Developer";
				COPY_PHASE_STRIP = NO;
				DEBUG_INFORMATION_FORMAT = dwarf;
				ENABLE_STRICT_OBJC_MSGSEND = YES;
				ENABLE_TESTABILITY = YES;
				GCC_C_LANGUAGE_STANDARD = gnu11;
				GCC_DYNAMIC_NO_PIC = NO;
				GCC_NO_COMMON_BLOCKS = YES;
				GCC_OPTIMIZATION_LEVEL = 0;
				GCC_PREPROCESSOR_DEFINITIONS = (
					"DEBUG=1",
					"$(inherited)",
				);
				GCC_WARN_64_TO_32_BIT_CONVERSION = YES;
				GCC_WARN_ABOUT_RETURN_TYPE = YES_ERROR;
				GCC_WARN_UNDECLARED_SELECTOR = YES;
				GCC_WARN_UNINITIALIZED_AUTOS = YES_AGGRESSIVE;
				GCC_WARN_UNUSED_FUNCTION = YES;
				GCC_WARN_UNUSED_VARIABLE = YES;
				IPHONEOS_DEPLOYMENT_TARGET = 12.2;
				MTL_ENABLE_DEBUG_INFO = INCLUDE_SOURCE;
				MTL_FAST_MATH = YES;
				ONLY_ACTIVE_ARCH = YES;
				SDKROOT = iphoneos;
				SWIFT_ACTIVE_COMPILATION_CONDITIONS = DEBUG;
				SWIFT_OPTIMIZATION_LEVEL = "-Onone";
			};
			name = Debug;
		};
		D82D799B226CF4E80058B235 /* Release */ = {
			isa = XCBuildConfiguration;
			buildSettings = {
				ALWAYS_SEARCH_USER_PATHS = NO;
				CLANG_ANALYZER_NONNULL = YES;
				CLANG_ANALYZER_NUMBER_OBJECT_CONVERSION = YES_AGGRESSIVE;
				CLANG_CXX_LANGUAGE_STANDARD = "gnu++14";
				CLANG_CXX_LIBRARY = "libc++";
				CLANG_ENABLE_MODULES = YES;
				CLANG_ENABLE_OBJC_ARC = YES;
				CLANG_ENABLE_OBJC_WEAK = YES;
				CLANG_WARN_BLOCK_CAPTURE_AUTORELEASING = YES;
				CLANG_WARN_BOOL_CONVERSION = YES;
				CLANG_WARN_COMMA = YES;
				CLANG_WARN_CONSTANT_CONVERSION = YES;
				CLANG_WARN_DEPRECATED_OBJC_IMPLEMENTATIONS = YES;
				CLANG_WARN_DIRECT_OBJC_ISA_USAGE = YES_ERROR;
				CLANG_WARN_DOCUMENTATION_COMMENTS = YES;
				CLANG_WARN_EMPTY_BODY = YES;
				CLANG_WARN_ENUM_CONVERSION = YES;
				CLANG_WARN_INFINITE_RECURSION = YES;
				CLANG_WARN_INT_CONVERSION = YES;
				CLANG_WARN_NON_LITERAL_NULL_CONVERSION = YES;
				CLANG_WARN_OBJC_IMPLICIT_RETAIN_SELF = YES;
				CLANG_WARN_OBJC_LITERAL_CONVERSION = YES;
				CLANG_WARN_OBJC_ROOT_CLASS = YES_ERROR;
				CLANG_WARN_RANGE_LOOP_ANALYSIS = YES;
				CLANG_WARN_STRICT_PROTOTYPES = YES;
				CLANG_WARN_SUSPICIOUS_MOVE = YES;
				CLANG_WARN_UNGUARDED_AVAILABILITY = YES_AGGRESSIVE;
				CLANG_WARN_UNREACHABLE_CODE = YES;
				CLANG_WARN__DUPLICATE_METHOD_MATCH = YES;
				CODE_SIGN_IDENTITY = "iPhone Developer";
				COPY_PHASE_STRIP = NO;
				DEBUG_INFORMATION_FORMAT = "dwarf-with-dsym";
				ENABLE_NS_ASSERTIONS = NO;
				ENABLE_STRICT_OBJC_MSGSEND = YES;
				GCC_C_LANGUAGE_STANDARD = gnu11;
				GCC_NO_COMMON_BLOCKS = YES;
				GCC_WARN_64_TO_32_BIT_CONVERSION = YES;
				GCC_WARN_ABOUT_RETURN_TYPE = YES_ERROR;
				GCC_WARN_UNDECLARED_SELECTOR = YES;
				GCC_WARN_UNINITIALIZED_AUTOS = YES_AGGRESSIVE;
				GCC_WARN_UNUSED_FUNCTION = YES;
				GCC_WARN_UNUSED_VARIABLE = YES;
				IPHONEOS_DEPLOYMENT_TARGET = 12.2;
				MTL_ENABLE_DEBUG_INFO = NO;
				MTL_FAST_MATH = YES;
				SDKROOT = iphoneos;
				SWIFT_COMPILATION_MODE = wholemodule;
				SWIFT_OPTIMIZATION_LEVEL = "-O";
				VALIDATE_PRODUCT = YES;
			};
			name = Release;
		};
		D82D799D226CF4E80058B235 /* Debug */ = {
			isa = XCBuildConfiguration;
			buildSettings = {
				ASSETCATALOG_COMPILER_APPICON_NAME = AppIcon;
				CODE_SIGN_STYLE = Automatic;
				DEVELOPMENT_TEAM = 53BVAZ8K9G;
				INFOPLIST_FILE = "$(SRCROOT)/SampleHLSApp/Resources/Info.plist";
				LD_RUNPATH_SEARCH_PATHS = (
					"$(inherited)",
					"@executable_path/Frameworks",
				);
				PRODUCT_BUNDLE_IDENTIFIER = com.iOSDevelopr.SampleHLSApp;
				PRODUCT_NAME = "$(TARGET_NAME)";
				SWIFT_VERSION = 5.0;
				TARGETED_DEVICE_FAMILY = "1,2";
			};
			name = Debug;
		};
		D82D799E226CF4E80058B235 /* Release */ = {
			isa = XCBuildConfiguration;
			buildSettings = {
				ASSETCATALOG_COMPILER_APPICON_NAME = AppIcon;
				CODE_SIGN_STYLE = Automatic;
				DEVELOPMENT_TEAM = 53BVAZ8K9G;
				INFOPLIST_FILE = "$(SRCROOT)/SampleHLSApp/Resources/Info.plist";
				LD_RUNPATH_SEARCH_PATHS = (
					"$(inherited)",
					"@executable_path/Frameworks",
				);
				PRODUCT_BUNDLE_IDENTIFIER = com.iOSDevelopr.SampleHLSApp;
				PRODUCT_NAME = "$(TARGET_NAME)";
				SWIFT_VERSION = 5.0;
				TARGETED_DEVICE_FAMILY = "1,2";
			};
			name = Release;
		};
		D82D79A0226CF4E80058B235 /* Debug */ = {
			isa = XCBuildConfiguration;
			buildSettings = {
				ALWAYS_EMBED_SWIFT_STANDARD_LIBRARIES = YES;
				BUNDLE_LOADER = "$(TEST_HOST)";
				CODE_SIGN_STYLE = Automatic;
				DEVELOPMENT_TEAM = 53BVAZ8K9G;
				INFOPLIST_FILE = SampleHLSAppTests/Info.plist;
				LD_RUNPATH_SEARCH_PATHS = (
					"$(inherited)",
					"@executable_path/Frameworks",
					"@loader_path/Frameworks",
				);
				PRODUCT_BUNDLE_IDENTIFIER = com.iOSDevelopr.SampleHLSAppTests;
				PRODUCT_NAME = "$(TARGET_NAME)";
				SWIFT_VERSION = 5.0;
				TARGETED_DEVICE_FAMILY = "1,2";
				TEST_HOST = "$(BUILT_PRODUCTS_DIR)/SampleHLSApp.app/SampleHLSApp";
			};
			name = Debug;
		};
		D82D79A1226CF4E80058B235 /* Release */ = {
			isa = XCBuildConfiguration;
			buildSettings = {
				ALWAYS_EMBED_SWIFT_STANDARD_LIBRARIES = YES;
				BUNDLE_LOADER = "$(TEST_HOST)";
				CODE_SIGN_STYLE = Automatic;
				DEVELOPMENT_TEAM = 53BVAZ8K9G;
				INFOPLIST_FILE = SampleHLSAppTests/Info.plist;
				LD_RUNPATH_SEARCH_PATHS = (
					"$(inherited)",
					"@executable_path/Frameworks",
					"@loader_path/Frameworks",
				);
				PRODUCT_BUNDLE_IDENTIFIER = com.iOSDevelopr.SampleHLSAppTests;
				PRODUCT_NAME = "$(TARGET_NAME)";
				SWIFT_VERSION = 5.0;
				TARGETED_DEVICE_FAMILY = "1,2";
				TEST_HOST = "$(BUILT_PRODUCTS_DIR)/SampleHLSApp.app/SampleHLSApp";
			};
			name = Release;
		};
/* End XCBuildConfiguration section */

/* Begin XCConfigurationList section */
		D82D797A226CF4E50058B235 /* Build configuration list for PBXProject "SampleHLSApp" */ = {
			isa = XCConfigurationList;
			buildConfigurations = (
				D82D799A226CF4E80058B235 /* Debug */,
				D82D799B226CF4E80058B235 /* Release */,
			);
			defaultConfigurationIsVisible = 0;
			defaultConfigurationName = Release;
		};
		D82D799C226CF4E80058B235 /* Build configuration list for PBXNativeTarget "SampleHLSApp" */ = {
			isa = XCConfigurationList;
			buildConfigurations = (
				D82D799D226CF4E80058B235 /* Debug */,
				D82D799E226CF4E80058B235 /* Release */,
			);
			defaultConfigurationIsVisible = 0;
			defaultConfigurationName = Release;
		};
		D82D799F226CF4E80058B235 /* Build configuration list for PBXNativeTarget "SampleHLSAppTests" */ = {
			isa = XCConfigurationList;
			buildConfigurations = (
				D82D79A0226CF4E80058B235 /* Debug */,
				D82D79A1226CF4E80058B235 /* Release */,
			);
			defaultConfigurationIsVisible = 0;
			defaultConfigurationName = Release;
		};
/* End XCConfigurationList section */
	};
	rootObject = D82D7977226CF4E50058B235 /* Project object */;
}
